
Microsoft Visual Studio Solution File, Format Version 12.00
# Visual Studio Version 17
VisualStudioVersion = 17.12.35728.132 d17.12
MinimumVisualStudioVersion = 10.0.40219.1
Project("{FAE04EC0-301F-11D3-BF4B-00C04F79EFBC}") = "BundleReplacer", "BundleReplacer\BundleReplacer.csproj", "{51B7FB5F-3A92-4AD4-B566-06072684E7DC}"
EndProject
Project("{FAE04EC0-301F-11D3-BF4B-00C04F79EFBC}") = "AssetsTools.NET", "AssetsTools.NET\AssetTools.NET\AssetsTools.NET.csproj", "{5AA07494-3104-4E54-BACC-40496F6704E9}"
EndProject
Global
	GlobalSection(SolutionConfigurationPlatforms) = preSolution
		Debug|Any CPU = Debug|Any CPU
		Release|Any CPU = Release|Any CPU
	EndGlobalSection
	GlobalSection(ProjectConfigurationPlatforms) = postSolution
		{51B7FB5F-3A92-4AD4-B566-06072684E7DC}.Debug|Any CPU.ActiveCfg = Debug|Any CPU
		{51B7FB5F-3A92-4AD4-B566-06072684E7DC}.Debug|Any CPU.Build.0 = Debug|Any CPU
		{51B7FB5F-3A92-4AD4-B566-06072684E7DC}.Release|Any CPU.ActiveCfg = Release|Any CPU
		{51B7FB5F-3A92-4AD4-B566-06072684E7DC}.Release|Any CPU.Build.0 = Release|Any CPU
		{5AA07494-3104-4E54-BACC-40496F6704E9}.Debug|Any CPU.ActiveCfg = Debug|Any CPU
		{5AA07494-3104-4E54-BACC-40496F6704E9}.Debug|Any CPU.Build.0 = Debug|Any CPU
		{5AA07494-3104-4E54-BACC-40496F6704E9}.Release|Any CPU.ActiveCfg = Release|Any CPU
		{5AA07494-3104-4E54-BACC-40496F6704E9}.Release|Any CPU.Build.0 = Release|Any CPU
	EndGlobalSection
	GlobalSection(SolutionProperties) = preSolution
		HideSolutionNode = FALSE
	EndGlobalSection
EndGlobal
